// !$*UTF8*$!
{
	archiveVersion = 1;
	classes = {
	};
	objectVersion = 46;
	objects = {

/* Begin PBXBuildFile section */
		625773C11C1D9F3B00BDA2B4 /* AppDelegate.swift in Sources */ = {isa = PBXBuildFile; fileRef = 625773C01C1D9F3B00BDA2B4 /* AppDelegate.swift */; };
		625773C31C1D9F3B00BDA2B4 /* ViewController.swift in Sources */ = {isa = PBXBuildFile; fileRef = 625773C21C1D9F3B00BDA2B4 /* ViewController.swift */; };
		625773C61C1D9F3B00BDA2B4 /* Main.storyboard in Resources */ = {isa = PBXBuildFile; fileRef = 625773C41C1D9F3B00BDA2B4 /* Main.storyboard */; };
		625773C81C1D9F3B00BDA2B4 /* Assets.xcassets in Resources */ = {isa = PBXBuildFile; fileRef = 625773C71C1D9F3B00BDA2B4 /* Assets.xcassets */; };
		625773CB1C1D9F3B00BDA2B4 /* LaunchScreen.storyboard in Resources */ = {isa = PBXBuildFile; fileRef = 625773C91C1D9F3B00BDA2B4 /* LaunchScreen.storyboard */; };
		625773D41C1DDDC500BDA2B4 /* PizzaSize.swift in Sources */ = {isa = PBXBuildFile; fileRef = 625773D31C1DDDC500BDA2B4 /* PizzaSize.swift */; };
		625773D61C1DDE4A00BDA2B4 /* PizzaType.swift in Sources */ = {isa = PBXBuildFile; fileRef = 625773D51C1DDE4A00BDA2B4 /* PizzaType.swift */; };
		625773D91C1DDE9A00BDA2B4 /* Pizza.swift in Sources */ = {isa = PBXBuildFile; fileRef = 625773D81C1DDE9A00BDA2B4 /* Pizza.swift */; };
		625773DD1C1DE8F900BDA2B4 /* SizePizzaViewController.swift in Sources */ = {isa = PBXBuildFile; fileRef = 625773DC1C1DE8F900BDA2B4 /* SizePizzaViewController.swift */; };
		625773DF1C1DEF7000BDA2B4 /* TypePizzaViewController.swift in Sources */ = {isa = PBXBuildFile; fileRef = 625773DE1C1DEF7000BDA2B4 /* TypePizzaViewController.swift */; };
		625773E11C1DF2CF00BDA2B4 /* CheesePizzaViewController.swift in Sources */ = {isa = PBXBuildFile; fileRef = 625773E01C1DF2CF00BDA2B4 /* CheesePizzaViewController.swift */; };
		625773E31C1DF54E00BDA2B4 /* PizzaCheese.swift in Sources */ = {isa = PBXBuildFile; fileRef = 625773E21C1DF54E00BDA2B4 /* PizzaCheese.swift */; };
		625773E91C1DF94600BDA2B4 /* IngredientsPizzaViewController.swift in Sources */ = {isa = PBXBuildFile; fileRef = 625773E81C1DF94600BDA2B4 /* IngredientsPizzaViewController.swift */; };
		625773EB1C1DF97900BDA2B4 /* ResumePizzaViewController.swift in Sources */ = {isa = PBXBuildFile; fileRef = 625773EA1C1DF97900BDA2B4 /* ResumePizzaViewController.swift */; };
		625773ED1C1DFA8300BDA2B4 /* PizzaIngredients.swift in Sources */ = {isa = PBXBuildFile; fileRef = 625773EC1C1DFA8300BDA2B4 /* PizzaIngredients.swift */; };
/* End PBXBuildFile section */

/* Begin PBXFileReference section */
		625773BD1C1D9F3B00BDA2B4 /* CreaPizza.app */ = {isa = PBXFileReference; explicitFileType = wrapper.application; includeInIndex = 0; path = CreaPizza.app; sourceTree = BUILT_PRODUCTS_DIR; };
		625773C01C1D9F3B00BDA2B4 /* AppDelegate.swift */ = {isa = PBXFileReference; lastKnownFileType = sourcecode.swift; path = AppDelegate.swift; sourceTree = "<group>"; };
		625773C21C1D9F3B00BDA2B4 /* ViewController.swift */ = {isa = PBXFileReference; lastKnownFileType = sourcecode.swift; path = ViewController.swift; sourceTree = "<group>"; };
		625773C51C1D9F3B00BDA2B4 /* Base */ = {isa = PBXFileReference; lastKnownFileType = file.storyboard; name = Base; path = Base.lproj/Main.storyboard; sourceTree = "<group>"; };
		625773C71C1D9F3B00BDA2B4 /* Assets.xcassets */ = {isa = PBXFileReference; lastKnownFileType = folder.assetcatalog; path = Assets.xcassets; sourceTree = "<group>"; };
		625773CA1C1D9F3B00BDA2B4 /* Base */ = {isa = PBXFileReference; lastKnownFileType = file.storyboard; name = Base; path = Base.lproj/LaunchScreen.storyboard; sourceTree = "<group>"; };
		625773CC1C1D9F3B00BDA2B4 /* Info.plist */ = {isa = PBXFileReference; lastKnownFileType = text.plist.xml; path = Info.plist; sourceTree = "<group>"; };
		625773D31C1DDDC500BDA2B4 /* PizzaSize.swift */ = {isa = PBXFileReference; fileEncoding = 4; lastKnownFileType = sourcecode.swift; path = PizzaSize.swift; sourceTree = "<group>"; };
		625773D51C1DDE4A00BDA2B4 /* PizzaType.swift */ = {isa = PBXFileReference; fileEncoding = 4; lastKnownFileType = sourcecode.swift; path = PizzaType.swift; sourceTree = "<group>"; };
		625773D81C1DDE9A00BDA2B4 /* Pizza.swift */ = {isa = PBXFileReference; fileEncoding = 4; lastKnownFileType = sourcecode.swift; path = Pizza.swift; sourceTree = "<group>"; };
		625773DC1C1DE8F900BDA2B4 /* SizePizzaViewController.swift */ = {isa = PBXFileReference; fileEncoding = 4; lastKnownFileType = sourcecode.swift; path = SizePizzaViewController.swift; sourceTree = "<group>"; };
		625773DE1C1DEF7000BDA2B4 /* TypePizzaViewController.swift */ = {isa = PBXFileReference; fileEncoding = 4; lastKnownFileType = sourcecode.swift; path = TypePizzaViewController.swift; sourceTree = "<group>"; };
		625773E01C1DF2CF00BDA2B4 /* CheesePizzaViewController.swift */ = {isa = PBXFileReference; fileEncoding = 4; lastKnownFileType = sourcecode.swift; path = CheesePizzaViewController.swift; sourceTree = "<group>"; };
		625773E21C1DF54E00BDA2B4 /* PizzaCheese.swift */ = {isa = PBXFileReference; fileEncoding = 4; lastKnownFileType = sourcecode.swift; path = PizzaCheese.swift; sourceTree = "<group>"; };
		625773E81C1DF94600BDA2B4 /* IngredientsPizzaViewController.swift */ = {isa = PBXFileReference; fileEncoding = 4; lastKnownFileType = sourcecode.swift; path = IngredientsPizzaViewController.swift; sourceTree = "<group>"; };
		625773EA1C1DF97900BDA2B4 /* ResumePizzaViewController.swift */ = {isa = PBXFileReference; fileEncoding = 4; lastKnownFileType = sourcecode.swift; path = ResumePizzaViewController.swift; sourceTree = "<group>"; };
		625773EC1C1DFA8300BDA2B4 /* PizzaIngredients.swift */ = {isa = PBXFileReference; fileEncoding = 4; lastKnownFileType = sourcecode.swift; path = PizzaIngredients.swift; sourceTree = "<group>"; };
/* End PBXFileReference section */

/* Begin PBXFrameworksBuildPhase section */
		625773BA1C1D9F3B00BDA2B4 /* Frameworks */ = {
			isa = PBXFrameworksBuildPhase;
			buildActionMask = 2147483647;
			files = (
			);
			runOnlyForDeploymentPostprocessing = 0;
		};
/* End PBXFrameworksBuildPhase section */

/* Begin PBXGroup section */
		625773B41C1D9F3B00BDA2B4 = {
			isa = PBXGroup;
			children = (
				625773BF1C1D9F3B00BDA2B4 /* CreaPizza */,
				625773BE1C1D9F3B00BDA2B4 /* Products */,
			);
			sourceTree = "<group>";
		};
		625773BE1C1D9F3B00BDA2B4 /* Products */ = {
			isa = PBXGroup;
			children = (
				625773BD1C1D9F3B00BDA2B4 /* CreaPizza.app */,
			);
			name = Products;
			sourceTree = "<group>";
		};
		625773BF1C1D9F3B00BDA2B4 /* CreaPizza */ = {
			isa = PBXGroup;
			children = (
				625773D71C1DDE8D00BDA2B4 /* Entity */,
				625773D21C1DDDA200BDA2B4 /* Data */,
				625773C01C1D9F3B00BDA2B4 /* AppDelegate.swift */,
				625773C21C1D9F3B00BDA2B4 /* ViewController.swift */,
				625773C41C1D9F3B00BDA2B4 /* Main.storyboard */,
				625773C71C1D9F3B00BDA2B4 /* Assets.xcassets */,
				625773C91C1D9F3B00BDA2B4 /* LaunchScreen.storyboard */,
				625773CC1C1D9F3B00BDA2B4 /* Info.plist */,
				625773DC1C1DE8F900BDA2B4 /* SizePizzaViewController.swift */,
				625773DE1C1DEF7000BDA2B4 /* TypePizzaViewController.swift */,
				625773E01C1DF2CF00BDA2B4 /* CheesePizzaViewController.swift */,
				625773E81C1DF94600BDA2B4 /* IngredientsPizzaViewController.swift */,
				625773EA1C1DF97900BDA2B4 /* ResumePizzaViewController.swift */,
			);
			path = CreaPizza;
			sourceTree = "<group>";
		};
		625773D21C1DDDA200BDA2B4 /* Data */ = {
			isa = PBXGroup;
			children = (
				625773D31C1DDDC500BDA2B4 /* PizzaSize.swift */,
				625773D51C1DDE4A00BDA2B4 /* PizzaType.swift */,
				625773E21C1DF54E00BDA2B4 /* PizzaCheese.swift */,
				625773EC1C1DFA8300BDA2B4 /* PizzaIngredients.swift */,
			);
			name = Data;
			sourceTree = "<group>";
		};
		625773D71C1DDE8D00BDA2B4 /* Entity */ = {
			isa = PBXGroup;
			children = (
				625773D81C1DDE9A00BDA2B4 /* Pizza.swift */,
			);
			name = Entity;
			sourceTree = "<group>";
		};
/* End PBXGroup section */

/* Begin PBXNativeTarget section */
		625773BC1C1D9F3B00BDA2B4 /* CreaPizza */ = {
			isa = PBXNativeTarget;
			buildConfigurationList = 625773CF1C1D9F3B00BDA2B4 /* Build configuration list for PBXNativeTarget "CreaPizza" */;
			buildPhases = (
				625773B91C1D9F3B00BDA2B4 /* Sources */,
				625773BA1C1D9F3B00BDA2B4 /* Frameworks */,
				625773BB1C1D9F3B00BDA2B4 /* Resources */,
			);
			buildRules = (
			);
			dependencies = (
			);
			name = CreaPizza;
			productName = CreaPizza;
			productReference = 625773BD1C1D9F3B00BDA2B4 /* CreaPizza.app */;
			productType = "com.apple.product-type.application";
		};
/* End PBXNativeTarget section */

/* Begin PBXProject section */
		625773B51C1D9F3B00BDA2B4 /* Project object */ = {
			isa = PBXProject;
			attributes = {
				LastSwiftUpdateCheck = 0720;
				LastUpgradeCheck = 0720;
				ORGANIZATIONNAME = "Raul Suarez Dabo";
				TargetAttributes = {
					625773BC1C1D9F3B00BDA2B4 = {
						CreatedOnToolsVersion = 7.2;
					};
				};
			};
			buildConfigurationList = 625773B81C1D9F3B00BDA2B4 /* Build configuration list for PBXProject "CreaPizza" */;
			compatibilityVersion = "Xcode 3.2";
			developmentRegion = English;
			hasScannedForEncodings = 0;
			knownRegions = (
				en,
				Base,
			);
			mainGroup = 625773B41C1D9F3B00BDA2B4;
			productRefGroup = 625773BE1C1D9F3B00BDA2B4 /* Products */;
			projectDirPath = "";
			projectRoot = "";
			targets = (
				625773BC1C1D9F3B00BDA2B4 /* CreaPizza */,
			);
		};
/* End PBXProject section */

/* Begin PBXResourcesBuildPhase section */
		625773BB1C1D9F3B00BDA2B4 /* Resources */ = {
			isa = PBXResourcesBuildPhase;
			buildActionMask = 2147483647;
			files = (
				625773CB1C1D9F3B00BDA2B4 /* LaunchScreen.storyboard in Resources */,
				625773C81C1D9F3B00BDA2B4 /* Assets.xcassets in Resources */,
				625773C61C1D9F3B00BDA2B4 /* Main.storyboard in Resources */,
			);
			runOnlyForDeploymentPostprocessing = 0;
		};
/* End PBXResourcesBuildPhase section */

/* Begin PBXSourcesBuildPhase section */
		625773B91C1D9F3B00BDA2B4 /* Sources */ = {
			isa = PBXSourcesBuildPhase;
			buildActionMask = 2147483647;
			files = (
				625773E91C1DF94600BDA2B4 /* IngredientsPizzaViewController.swift in Sources */,
				625773C31C1D9F3B00BDA2B4 /* ViewController.swift in Sources */,
				625773D41C1DDDC500BDA2B4 /* PizzaSize.swift in Sources */,
				625773D61C1DDE4A00BDA2B4 /* PizzaType.swift in Sources */,
				625773E31C1DF54E00BDA2B4 /* PizzaCheese.swift in Sources */,
				625773DD1C1DE8F900BDA2B4 /* SizePizzaViewController.swift in Sources */,
				625773E11C1DF2CF00BDA2B4 /* CheesePizzaViewController.swift in Sources */,
				625773D91C1DDE9A00BDA2B4 /* Pizza.swift in Sources */,
				625773C11C1D9F3B00BDA2B4 /* AppDelegate.swift in Sources */,
				625773EB1C1DF97900BDA2B4 /* ResumePizzaViewController.swift in Sources */,
				625773DF1C1DEF7000BDA2B4 /* TypePizzaViewController.swift in Sources */,
				625773ED1C1DFA8300BDA2B4 /* PizzaIngredients.swift in Sources */,
			);
			runOnlyForDeploymentPostprocessing = 0;
		};
/* End PBXSourcesBuildPhase section */

/* Begin PBXVariantGroup section */
		625773C41C1D9F3B00BDA2B4 /* Main.storyboard */ = {
			isa = PBXVariantGroup;
			children = (
				625773C51C1D9F3B00BDA2B4 /* Base */,
			);
			name = Main.storyboard;
			sourceTree = "<group>";
		};
		625773C91C1D9F3B00BDA2B4 /* LaunchScreen.storyboard */ = {
			isa = PBXVariantGroup;
			children = (
				625773CA1C1D9F3B00BDA2B4 /* Base */,
			);
			name = LaunchScreen.storyboard;
			sourceTree = "<group>";
		};
/* End PBXVariantGroup section */

/* Begin XCBuildConfiguration section */
		625773CD1C1D9F3B00BDA2B4 /* Debug */ = {
			isa = XCBuildConfiguration;
			buildSettings = {
				ALWAYS_SEARCH_USER_PATHS = NO;
				CLANG_CXX_LANGUAGE_STANDARD = "gnu++0x";
				CLANG_CXX_LIBRARY = "libc++";
				CLANG_ENABLE_MODULES = YES;
				CLANG_ENABLE_OBJC_ARC = YES;
				CLANG_WARN_BOOL_CONVERSION = YES;
				CLANG_WARN_CONSTANT_CONVERSION = YES;
				CLANG_WARN_DIRECT_OBJC_ISA_USAGE = YES_ERROR;
				CLANG_WARN_EMPTY_BODY = YES;
				CLANG_WARN_ENUM_CONVERSION = YES;
				CLANG_WARN_INT_CONVERSION = YES;
				CLANG_WARN_OBJC_ROOT_CLASS = YES_ERROR;
				CLANG_WARN_UNREACHABLE_CODE = YES;
				CLANG_WARN__DUPLICATE_METHOD_MATCH = YES;
				"CODE_SIGN_IDENTITY[sdk=iphoneos*]" = "iPhone Developer";
				COPY_PHASE_STRIP = NO;
				DEBUG_INFORMATION_FORMAT = dwarf;
				ENABLE_STRICT_OBJC_MSGSEND = YES;
				ENABLE_TESTABILITY = YES;
				GCC_C_LANGUAGE_STANDARD = gnu99;
				GCC_DYNAMIC_NO_PIC = NO;
				GCC_NO_COMMON_BLOCKS = YES;
				GCC_OPTIMIZATION_LEVEL = 0;
				GCC_PREPROCESSOR_DEFINITIONS = (
					"DEBUG=1",
					"$(inherited)",
				);
				GCC_WARN_64_TO_32_BIT_CONVERSION = YES;
				GCC_WARN_ABOUT_RETURN_TYPE = YES_ERROR;
				GCC_WARN_UNDECLARED_SELECTOR = YES;
				GCC_WARN_UNINITIALIZED_AUTOS = YES_AGGRESSIVE;
				GCC_WARN_UNUSED_FUNCTION = YES;
				GCC_WARN_UNUSED_VARIABLE = YES;
				IPHONEOS_DEPLOYMENT_TARGET = 9.2;
				MTL_ENABLE_DEBUG_INFO = YES;
				ONLY_ACTIVE_ARCH = YES;
				SDKROOT = iphoneos;
				SWIFT_OPTIMIZATION_LEVEL = "-Onone";
				TARGETED_DEVICE_FAMILY = "1,2";
			};
			name = Debug;
		};
		625773CE1C1D9F3B00BDA2B4 /* Release */ = {
			isa = XCBuildConfiguration;
			buildSettings = {
				ALWAYS_SEARCH_USER_PATHS = NO;
				CLANG_CXX_LANGUAGE_STANDARD = "gnu++0x";
				CLANG_CXX_LIBRARY = "libc++";
				CLANG_ENABLE_MODULES = YES;
				CLANG_ENABLE_OBJC_ARC = YES;
				CLANG_WARN_BOOL_CONVERSION = YES;
				CLANG_WARN_CONSTANT_CONVERSION = YES;
				CLANG_WARN_DIRECT_OBJC_ISA_USAGE = YES_ERROR;
				CLANG_WARN_EMPTY_BODY = YES;
				CLANG_WARN_ENUM_CONVERSION = YES;
				CLANG_WARN_INT_CONVERSION = YES;
				CLANG_WARN_OBJC_ROOT_CLASS = YES_ERROR;
				CLANG_WARN_UNREACHABLE_CODE = YES;
				CLANG_WARN__DUPLICATE_METHOD_MATCH = YES;
				"CODE_SIGN_IDENTITY[sdk=iphoneos*]" = "iPhone Developer";
				COPY_PHASE_STRIP = NO;
				DEBUG_INFORMATION_FORMAT = "dwarf-with-dsym";
				ENABLE_NS_ASSERTIONS = NO;
				ENABLE_STRICT_OBJC_MSGSEND = YES;
				GCC_C_LANGUAGE_STANDARD = gnu99;
				GCC_NO_COMMON_BLOCKS = YES;
				GCC_WARN_64_TO_32_BIT_CONVERSION = YES;
				GCC_WARN_ABOUT_RETURN_TYPE = YES_ERROR;
				GCC_WARN_UNDECLARED_SELECTOR = YES;
				GCC_WARN_UNINITIALIZED_AUTOS = YES_AGGRESSIVE;
				GCC_WARN_UNUSED_FUNCTION = YES;
				GCC_WARN_UNUSED_VARIABLE = YES;
				IPHONEOS_DEPLOYMENT_TARGET = 9.2;
				MTL_ENABLE_DEBUG_INFO = NO;
				SDKROOT = iphoneos;
				TARGETED_DEVICE_FAMILY = "1,2";
				VALIDATE_PRODUCT = YES;
			};
			name = Release;
		};
		625773D01C1D9F3B00BDA2B4 /* Debug */ = {
			isa = XCBuildConfiguration;
			buildSettings = {
				ASSETCATALOG_COMPILER_APPICON_NAME = AppIcon;
				INFOPLIST_FILE = CreaPizza/Info.plist;
				LD_RUNPATH_SEARCH_PATHS = "$(inherited) @executable_path/Frameworks";
				PRODUCT_BUNDLE_IDENTIFIER = suarez.com.es.CreaPizza;
				PRODUCT_NAME = "$(TARGET_NAME)";
			};
			name = Debug;
		};
		625773D11C1D9F3B00BDA2B4 /* Release */ = {
			isa = XCBuildConfiguration;
			buildSettings = {
				ASSETCATALOG_COMPILER_APPICON_NAME = AppIcon;
				INFOPLIST_FILE = CreaPizza/Info.plist;
				LD_RUNPATH_SEARCH_PATHS = "$(inherited) @executable_path/Frameworks";
				PRODUCT_BUNDLE_IDENTIFIER = suarez.com.es.CreaPizza;
				PRODUCT_NAME = "$(TARGET_NAME)";
			};
			name = Release;
		};
/* End XCBuildConfiguration section */

/* Begin XCConfigurationList section */
		625773B81C1D9F3B00BDA2B4 /* Build configuration list for PBXProject "CreaPizza" */ = {
			isa = XCConfigurationList;
			buildConfigurations = (
				625773CD1C1D9F3B00BDA2B4 /* Debug */,
				625773CE1C1D9F3B00BDA2B4 /* Release */,
			);
			defaultConfigurationIsVisible = 0;
			defaultConfigurationName = Release;
		};
		625773CF1C1D9F3B00BDA2B4 /* Build configuration list for PBXNativeTarget "CreaPizza" */ = {
			isa = XCConfigurationList;
			buildConfigurations = (
				625773D01C1D9F3B00BDA2B4 /* Debug */,
				625773D11C1D9F3B00BDA2B4 /* Release */,
			);
			defaultConfigurationIsVisible = 0;
		};
/* End XCConfigurationList section */
	};
	rootObject = 625773B51C1D9F3B00BDA2B4 /* Project object */;
}
